
Microsoft Visual Studio Solution File, Format Version 12.00
# Visual Studio 15
VisualStudioVersion = 15.0.26730.16
MinimumVisualStudioVersion = 10.0.40219.1
Project("{FAE04EC0-301F-11D3-BF4B-00C04F79EFBC}") = "Lab1", "Lab1\Lab1.csproj", "{1E0AD83A-33C9-4B75-8CED-C79214E8D023}"
EndProject
Global
	GlobalSection(SolutionConfigurationPlatforms) = preSolution
		Debug|Any CPU = Debug|Any CPU
		Release|Any CPU = Release|Any CPU
	EndGlobalSection
	GlobalSection(ProjectConfigurationPlatforms) = postSolution
		{1E0AD83A-33C9-4B75-8CED-C79214E8D023}.Debug|Any CPU.ActiveCfg = Debug|Any CPU
		{1E0AD83A-33C9-4B75-8CED-C79214E8D023}.Debug|Any CPU.Build.0 = Debug|Any CPU
		{1E0AD83A-33C9-4B75-8CED-C79214E8D023}.Release|Any CPU.ActiveCfg = Release|Any CPU
		{1E0AD83A-33C9-4B75-8CED-C79214E8D023}.Release|Any CPU.Build.0 = Release|Any CPU
	EndGlobalSection
	GlobalSection(SolutionProperties) = preSolution
		HideSolutionNode = FALSE
	EndGlobalSection
	GlobalSection(ExtensibilityGlobals) = postSolution
		SolutionGuid = {704B9CC6-557F-4549-88FE-53C5485D72A4}
	EndGlobalSection
EndGlobal
